
Microsoft Visual Studio Solution File, Format Version 12.00
# Visual Studio Version 17
VisualStudioVersion = 17.3.32901.215
MinimumVisualStudioVersion = 10.0.40219.1
Project("{9A19103F-16F7-4668-BE54-9A1E7A4F7556}") = "RRScout", "MSSettingAPI\RRScout.csproj", "{B860B7E9-41B9-415D-99D8-C09A277EC6FD}"
EndProject
Global
	GlobalSection(SolutionConfigurationPlatforms) = preSolution
		Debug|Any CPU = Debug|Any CPU
		Release|Any CPU = Release|Any CPU
	EndGlobalSection
	GlobalSection(ProjectConfigurationPlatforms) = postSolution
		{B860B7E9-41B9-415D-99D8-C09A277EC6FD}.Debug|Any CPU.ActiveCfg = Debug|Any CPU
		{B860B7E9-41B9-415D-99D8-C09A277EC6FD}.Debug|Any CPU.Build.0 = Debug|Any CPU
		{B860B7E9-41B9-415D-99D8-C09A277EC6FD}.Release|Any CPU.ActiveCfg = Release|Any CPU
		{B860B7E9-41B9-415D-99D8-C09A277EC6FD}.Release|Any CPU.Build.0 = Release|Any CPU
	EndGlobalSection
	GlobalSection(SolutionProperties) = preSolution
		HideSolutionNode = FALSE
	EndGlobalSection
	GlobalSection(ExtensibilityGlobals) = postSolution
		SolutionGuid = {F4A3F4D1-DC1A-4243-9F58-4E56B6DF3038}
	EndGlobalSection
EndGlobal
